
Microsoft Visual Studio Solution File, Format Version 12.00
# Visual Studio 15
VisualStudioVersion = 15.0.27428.2037
MinimumVisualStudioVersion = 10.0.40219.1
Project("{FAE04EC0-301F-11D3-BF4B-00C04F79EFBC}") = "GardenCommunity.DAL", "GardenCommunity.DAL\GardenCommunity.DAL.csproj", "{220D424D-F16F-4EE4-9A7B-BC05181E3416}"
EndProject
Project("{FAE04EC0-301F-11D3-BF4B-00C04F79EFBC}") = "GardenCommunity.ConsoleApp", "GardenCommunity.ConsoleApp\GardenCommunity.ConsoleApp.csproj", "{6630CD33-5868-483D-9DB0-0B48A30A0D46}"
EndProject
Project("{FAE04EC0-301F-11D3-BF4B-00C04F79EFBC}") = "GardenCommunity.Business", "GardenCommunity.Business\GardenCommunity.Business.csproj", "{AAEA05D4-5CCB-4801-B514-CECFC36251E4}"
EndProject
Global
	GlobalSection(SolutionConfigurationPlatforms) = preSolution
		Debug|Any CPU = Debug|Any CPU
		Release|Any CPU = Release|Any CPU
	EndGlobalSection
	GlobalSection(ProjectConfigurationPlatforms) = postSolution
		{220D424D-F16F-4EE4-9A7B-BC05181E3416}.Debug|Any CPU.ActiveCfg = Debug|Any CPU
		{220D424D-F16F-4EE4-9A7B-BC05181E3416}.Debug|Any CPU.Build.0 = Debug|Any CPU
		{220D424D-F16F-4EE4-9A7B-BC05181E3416}.Release|Any CPU.ActiveCfg = Release|Any CPU
		{220D424D-F16F-4EE4-9A7B-BC05181E3416}.Release|Any CPU.Build.0 = Release|Any CPU
		{6630CD33-5868-483D-9DB0-0B48A30A0D46}.Debug|Any CPU.ActiveCfg = Debug|Any CPU
		{6630CD33-5868-483D-9DB0-0B48A30A0D46}.Debug|Any CPU.Build.0 = Debug|Any CPU
		{6630CD33-5868-483D-9DB0-0B48A30A0D46}.Release|Any CPU.ActiveCfg = Release|Any CPU
		{6630CD33-5868-483D-9DB0-0B48A30A0D46}.Release|Any CPU.Build.0 = Release|Any CPU
		{AAEA05D4-5CCB-4801-B514-CECFC36251E4}.Debug|Any CPU.ActiveCfg = Debug|Any CPU
		{AAEA05D4-5CCB-4801-B514-CECFC36251E4}.Debug|Any CPU.Build.0 = Debug|Any CPU
		{AAEA05D4-5CCB-4801-B514-CECFC36251E4}.Release|Any CPU.ActiveCfg = Release|Any CPU
		{AAEA05D4-5CCB-4801-B514-CECFC36251E4}.Release|Any CPU.Build.0 = Release|Any CPU
	EndGlobalSection
	GlobalSection(SolutionProperties) = preSolution
		HideSolutionNode = FALSE
	EndGlobalSection
	GlobalSection(ExtensibilityGlobals) = postSolution
		SolutionGuid = {331E753E-9F94-44B0-B309-A1DA9F9C19AA}
	EndGlobalSection
EndGlobal
