
Microsoft Visual Studio Solution File, Format Version 12.00
# Visual Studio 15
VisualStudioVersion = 15.0.27428.2037
MinimumVisualStudioVersion = 10.0.40219.1
Project("{FAE04EC0-301F-11D3-BF4B-00C04F79EFBC}") = "GardenCommunity.DAL", "GardenCommunity.DAL\GardenCommunity.DAL.csproj", "{220D424D-F16F-4EE4-9A7B-BC05181E3416}"
EndProject
Project("{FAE04EC0-301F-11D3-BF4B-00C04F79EFBC}") = "GardenCommunity.Web", "GardenCommunity.Web\GardenCommunity.Web.csproj", "{A69A2C1B-591F-4AC6-9C48-BA816BB40AE4}"
EndProject
Project("{9A19103F-16F7-4668-BE54-9A1E7A4F7556}") = "GardenCommunity.DataAccess", "GardenCommunity.DataAccess\GardenCommunity.DataAccess.csproj", "{5F4C041C-7EAE-4677-9436-8F5568A66910}"
EndProject
Project("{FAE04EC0-301F-11D3-BF4B-00C04F79EFBC}") = "GardenCommunity.Business.4.6", "GardenCommunity.Business.4.6\GardenCommunity.Business.4.6.csproj", "{AAEA05D4-5CCB-4801-B514-CECFC36251E4}"
EndProject
Project("{FAE04EC0-301F-11D3-BF4B-00C04F79EFBC}") = "GardenCommunity.Business", "GardenCommunity.Business\GardenCommunity.Business.csproj", "{2212CD0B-7C5C-47DD-A39B-A064FD627248}"
EndProject
Project("{FAE04EC0-301F-11D3-BF4B-00C04F79EFBC}") = "GardenCommunity.Common", "GardenCommunity.Common\GardenCommunity.Common.csproj", "{23872FB1-55DC-44EC-9668-B097E0C2EE51}"
EndProject
Global
	GlobalSection(SolutionConfigurationPlatforms) = preSolution
		Debug|Any CPU = Debug|Any CPU
		Release|Any CPU = Release|Any CPU
	EndGlobalSection
	GlobalSection(ProjectConfigurationPlatforms) = postSolution
		{220D424D-F16F-4EE4-9A7B-BC05181E3416}.Debug|Any CPU.ActiveCfg = Debug|Any CPU
		{220D424D-F16F-4EE4-9A7B-BC05181E3416}.Debug|Any CPU.Build.0 = Debug|Any CPU
		{220D424D-F16F-4EE4-9A7B-BC05181E3416}.Release|Any CPU.ActiveCfg = Release|Any CPU
		{220D424D-F16F-4EE4-9A7B-BC05181E3416}.Release|Any CPU.Build.0 = Release|Any CPU
		{A69A2C1B-591F-4AC6-9C48-BA816BB40AE4}.Debug|Any CPU.ActiveCfg = Debug|Any CPU
		{A69A2C1B-591F-4AC6-9C48-BA816BB40AE4}.Debug|Any CPU.Build.0 = Debug|Any CPU
		{A69A2C1B-591F-4AC6-9C48-BA816BB40AE4}.Release|Any CPU.ActiveCfg = Release|Any CPU
		{A69A2C1B-591F-4AC6-9C48-BA816BB40AE4}.Release|Any CPU.Build.0 = Release|Any CPU
		{5F4C041C-7EAE-4677-9436-8F5568A66910}.Debug|Any CPU.ActiveCfg = Debug|Any CPU
		{5F4C041C-7EAE-4677-9436-8F5568A66910}.Debug|Any CPU.Build.0 = Debug|Any CPU
		{5F4C041C-7EAE-4677-9436-8F5568A66910}.Release|Any CPU.ActiveCfg = Release|Any CPU
		{5F4C041C-7EAE-4677-9436-8F5568A66910}.Release|Any CPU.Build.0 = Release|Any CPU
		{AAEA05D4-5CCB-4801-B514-CECFC36251E4}.Debug|Any CPU.ActiveCfg = Debug|Any CPU
		{AAEA05D4-5CCB-4801-B514-CECFC36251E4}.Debug|Any CPU.Build.0 = Debug|Any CPU
		{AAEA05D4-5CCB-4801-B514-CECFC36251E4}.Release|Any CPU.ActiveCfg = Release|Any CPU
		{AAEA05D4-5CCB-4801-B514-CECFC36251E4}.Release|Any CPU.Build.0 = Release|Any CPU
		{2212CD0B-7C5C-47DD-A39B-A064FD627248}.Debug|Any CPU.ActiveCfg = Debug|Any CPU
		{2212CD0B-7C5C-47DD-A39B-A064FD627248}.Debug|Any CPU.Build.0 = Debug|Any CPU
		{2212CD0B-7C5C-47DD-A39B-A064FD627248}.Release|Any CPU.ActiveCfg = Release|Any CPU
		{2212CD0B-7C5C-47DD-A39B-A064FD627248}.Release|Any CPU.Build.0 = Release|Any CPU
		{23872FB1-55DC-44EC-9668-B097E0C2EE51}.Debug|Any CPU.ActiveCfg = Debug|Any CPU
		{23872FB1-55DC-44EC-9668-B097E0C2EE51}.Debug|Any CPU.Build.0 = Debug|Any CPU
		{23872FB1-55DC-44EC-9668-B097E0C2EE51}.Release|Any CPU.ActiveCfg = Release|Any CPU
		{23872FB1-55DC-44EC-9668-B097E0C2EE51}.Release|Any CPU.Build.0 = Release|Any CPU
	EndGlobalSection
	GlobalSection(SolutionProperties) = preSolution
		HideSolutionNode = FALSE
	EndGlobalSection
	GlobalSection(ExtensibilityGlobals) = postSolution
		SolutionGuid = {331E753E-9F94-44B0-B309-A1DA9F9C19AA}
	EndGlobalSection
EndGlobal
